
Microsoft Visual Studio Solution File, Format Version 12.00
# Visual Studio Version 17
VisualStudioVersion = 17.10.35027.167
MinimumVisualStudioVersion = 10.0.40219.1
Project("{9A19103F-16F7-4668-BE54-9A1E7A4F7556}") = "WordFinderAPI", "WordFinderAPI\WordFinderAPI.csproj", "{6350E37F-4E95-4814-ABA2-78FE38117AB9}"
EndProject
Project("{9A19103F-16F7-4668-BE54-9A1E7A4F7556}") = "WordFinder.Core", "WordFinder.Core\WordFinder.Core.csproj", "{C3A954C6-79BD-4E1B-9895-2CC827C4A964}"
EndProject
Project("{2150E333-8FDC-42A3-9474-1A3956D46DE8}") = "src", "src", "{018B4FC1-FC8F-41FE-8EB5-D3219F542D39}"
EndProject
Project("{2150E333-8FDC-42A3-9474-1A3956D46DE8}") = "test", "test", "{2CDBAA9D-517A-4CB5-B7F0-583C105C9868}"
EndProject
Project("{FAE04EC0-301F-11D3-BF4B-00C04F79EFBC}") = "WordFinder.Tests", "WordFinder.CoreTests\WordFinder.Tests.csproj", "{AB0810A4-02CC-460C-AC80-D038690D10FF}"
EndProject
Global
	GlobalSection(SolutionConfigurationPlatforms) = preSolution
		Debug|Any CPU = Debug|Any CPU
		Release|Any CPU = Release|Any CPU
	EndGlobalSection
	GlobalSection(ProjectConfigurationPlatforms) = postSolution
		{6350E37F-4E95-4814-ABA2-78FE38117AB9}.Debug|Any CPU.ActiveCfg = Debug|Any CPU
		{6350E37F-4E95-4814-ABA2-78FE38117AB9}.Debug|Any CPU.Build.0 = Debug|Any CPU
		{6350E37F-4E95-4814-ABA2-78FE38117AB9}.Release|Any CPU.ActiveCfg = Release|Any CPU
		{6350E37F-4E95-4814-ABA2-78FE38117AB9}.Release|Any CPU.Build.0 = Release|Any CPU
		{C3A954C6-79BD-4E1B-9895-2CC827C4A964}.Debug|Any CPU.ActiveCfg = Debug|Any CPU
		{C3A954C6-79BD-4E1B-9895-2CC827C4A964}.Debug|Any CPU.Build.0 = Debug|Any CPU
		{C3A954C6-79BD-4E1B-9895-2CC827C4A964}.Release|Any CPU.ActiveCfg = Release|Any CPU
		{C3A954C6-79BD-4E1B-9895-2CC827C4A964}.Release|Any CPU.Build.0 = Release|Any CPU
		{AB0810A4-02CC-460C-AC80-D038690D10FF}.Debug|Any CPU.ActiveCfg = Debug|Any CPU
		{AB0810A4-02CC-460C-AC80-D038690D10FF}.Debug|Any CPU.Build.0 = Debug|Any CPU
		{AB0810A4-02CC-460C-AC80-D038690D10FF}.Release|Any CPU.ActiveCfg = Release|Any CPU
		{AB0810A4-02CC-460C-AC80-D038690D10FF}.Release|Any CPU.Build.0 = Release|Any CPU
	EndGlobalSection
	GlobalSection(SolutionProperties) = preSolution
		HideSolutionNode = FALSE
	EndGlobalSection
	GlobalSection(NestedProjects) = preSolution
		{6350E37F-4E95-4814-ABA2-78FE38117AB9} = {018B4FC1-FC8F-41FE-8EB5-D3219F542D39}
		{C3A954C6-79BD-4E1B-9895-2CC827C4A964} = {018B4FC1-FC8F-41FE-8EB5-D3219F542D39}
		{AB0810A4-02CC-460C-AC80-D038690D10FF} = {2CDBAA9D-517A-4CB5-B7F0-583C105C9868}
	EndGlobalSection
	GlobalSection(ExtensibilityGlobals) = postSolution
		SolutionGuid = {BA06509A-D5EF-4C82-9223-B6AB7CA1AC54}
	EndGlobalSection
EndGlobal
